<?xml version="1.0" encoding="utf-8"?>
<Project ToolsVersion="4.0" xmlns="http://schemas.microsoft.com/developer/msbuild/2003">
  <ItemGroup>
    <Filter Include="Source Files">
      <UniqueIdentifier>{4FC737F1-C7A5-4376-A066-2A32D752A2FF}</UniqueIdentifier>
      <Extensions>cpp;c;cc;cxx;def;odl;idl;hpj;bat;asm;asmx</Extensions>
    </Filter>
    <Filter Include="Header Files">
      <UniqueIdentifier>{93995380-89BD-4b04-88EB-625FBE52EBFB}</UniqueIdentifier>
      <Extensions>h;hh;hpp;hxx;hm;inl;inc;ipp;xsd</Extensions>
    </Filter>
    <Filter Include="Resource Files">
      <UniqueIdentifier>{67DA6AB6-F800-4c08-8B7A-83BB121AAD01}</UniqueIdentifier>
      <Extensions>rc;ico;cur;bmp;dlg;rc2;rct;bin;rgs;gif;jpg;jpeg;jpe;resx;tiff;tif;png;wav;mfcribbon-ms</Extensions>
    </Filter>
    <Filter Include="Source Files\FinalProject">
      <UniqueIdentifier>{861c2bdd-c034-4576-a7cb-3fee50d40bb8}</UniqueIdentifier>
    </Filter>
    <Filter Include="Header Files\FinalProject">
      <UniqueIdentifier>{4cc3e899-05c3-4f28-985a-3596bd6080b6}</UniqueIdentifier>
    </Filter>
    <Filter Include="Source Files\Hockey">
      <UniqueIdentifier>{fd9797e7-eefc-4497-a103-b7d49b1f3f9e}</UniqueIdentifier>
    </Filter>
    <Filter Include="Header Files\Hockey">
      <UniqueIdentifier>{e7ca3186-b23a-4566-9727-fab8bab9f0e0}</UniqueIdentifier>
    </Filter>
  </ItemGroup>
  <ItemGroup>
    <ClCompile Include="CalculatorMain.cpp">
      <Filter>Source Files\FinalProject</Filter>
    </ClCompile>
    <ClCompile Include="HockeyMain.cpp">
      <Filter>Source Files\Hockey</Filter>
    </ClCompile>
  </ItemGroup>
  <ItemGroup>
    <ClInclude Include="CalculatorUtils.h">
      <Filter>Header Files\FinalProject</Filter>
    </ClInclude>
    <ClInclude Include="HockeyUtils.h">
      <Filter>Header Files\Hockey</Filter>
    </ClInclude>
  </ItemGroup>
</Project>